{
    "requires": true,
    "lockfileVersion": 1,
    "dependencies": {
        "@vicons/fluent": {
            "version": "0.12.0",
            "resolved": "https://registry.npmjs.org/@vicons/fluent/-/fluent-0.12.0.tgz",
            "integrity": "sha512-ATCiqPuiJ6RI5GBlD3BIpZ9Xw4MsCA4RpI5oR6MCti4quS4mX1Gp6N74FCzw7lgOj+80rV4HMKhZTVInwimpVQ=="
        }
    }
}
